
Microsoft Visual Studio Solution File, Format Version 12.00
# Visual Studio Version 17
VisualStudioVersion = 17.9.34728.123
MinimumVisualStudioVersion = 10.0.40219.1
Project("{FAE04EC0-301F-11D3-BF4B-00C04F79EFBC}") = "Zo_App_Prototypes", "Zo_App_Prototypes\Zo_App_Prototypes.csproj", "{0C5C8F1F-1A8D-42B2-B141-9AE80DC47538}"
EndProject
Global
	GlobalSection(SolutionConfigurationPlatforms) = preSolution
		Debug|Any CPU = Debug|Any CPU
		Release|Any CPU = Release|Any CPU
	EndGlobalSection
	GlobalSection(ProjectConfigurationPlatforms) = postSolution
		{0C5C8F1F-1A8D-42B2-B141-9AE80DC47538}.Debug|Any CPU.ActiveCfg = Debug|Any CPU
		{0C5C8F1F-1A8D-42B2-B141-9AE80DC47538}.Debug|Any CPU.Build.0 = Debug|Any CPU
		{0C5C8F1F-1A8D-42B2-B141-9AE80DC47538}.Debug|Any CPU.Deploy.0 = Debug|Any CPU
		{0C5C8F1F-1A8D-42B2-B141-9AE80DC47538}.Release|Any CPU.ActiveCfg = Release|Any CPU
		{0C5C8F1F-1A8D-42B2-B141-9AE80DC47538}.Release|Any CPU.Build.0 = Release|Any CPU
		{0C5C8F1F-1A8D-42B2-B141-9AE80DC47538}.Release|Any CPU.Deploy.0 = Release|Any CPU
	EndGlobalSection
	GlobalSection(SolutionProperties) = preSolution
		HideSolutionNode = FALSE
	EndGlobalSection
	GlobalSection(ExtensibilityGlobals) = postSolution
		SolutionGuid = {A1DD6E70-5382-47B9-9AB6-FE3F200848FD}
	EndGlobalSection
EndGlobal
